
Microsoft Visual Studio Solution File, Format Version 12.00
# Visual Studio Version 16
VisualStudioVersion = 16.0.31829.152
MinimumVisualStudioVersion = 10.0.40219.1
Project("{FAE04EC0-301F-11D3-BF4B-00C04F79EFBC}") = "Demo_19_NovMVC", "Demo_19_NovMVC\Demo_19_NovMVC.csproj", "{EDEC3778-73B1-4398-919B-637AF397070F}"
EndProject
Global
	GlobalSection(SolutionConfigurationPlatforms) = preSolution
		Debug|Any CPU = Debug|Any CPU
		Release|Any CPU = Release|Any CPU
	EndGlobalSection
	GlobalSection(ProjectConfigurationPlatforms) = postSolution
		{EDEC3778-73B1-4398-919B-637AF397070F}.Debug|Any CPU.ActiveCfg = Debug|Any CPU
		{EDEC3778-73B1-4398-919B-637AF397070F}.Debug|Any CPU.Build.0 = Debug|Any CPU
		{EDEC3778-73B1-4398-919B-637AF397070F}.Release|Any CPU.ActiveCfg = Release|Any CPU
		{EDEC3778-73B1-4398-919B-637AF397070F}.Release|Any CPU.Build.0 = Release|Any CPU
	EndGlobalSection
	GlobalSection(SolutionProperties) = preSolution
		HideSolutionNode = FALSE
	EndGlobalSection
	GlobalSection(ExtensibilityGlobals) = postSolution
		SolutionGuid = {F518BF4E-DADA-4FB3-BCD5-07126D893327}
	EndGlobalSection
EndGlobal
